// !$*UTF8*$!
{
	archiveVersion = 1;
	classes = {
	};
	objectVersion = 46;
	objects = {

/* Begin PBXBuildFile section */
		2237366316EE3F3900268B77 /* Foundation.framework in Frameworks */ = {isa = PBXBuildFile; fileRef = 2237366216EE3F3900268B77 /* Foundation.framework */; };
		2237366616EE3F3900268B77 /* main.m in Sources */ = {isa = PBXBuildFile; fileRef = 2237366516EE3F3900268B77 /* main.m */; };
		2237366A16EE3F3900268B77 /* TimeAfterTime2.1 in CopyFiles */ = {isa = PBXBuildFile; fileRef = 2237366916EE3F3900268B77 /* TimeAfterTime2.1 */; };
/* End PBXBuildFile section */

/* Begin PBXCopyFilesBuildPhase section */
		2237365D16EE3F3900268B77 /* CopyFiles */ = {
			isa = PBXCopyFilesBuildPhase;
			buildActionMask = 2147483647;
			dstPath = /usr/share/man/man1/;
			dstSubfolderSpec = 0;
			files = (
				2237366A16EE3F3900268B77 /* TimeAfterTime2.1 in CopyFiles */,
			);
			runOnlyForDeploymentPostprocessing = 1;
		};
/* End PBXCopyFilesBuildPhase section */

/* Begin PBXFileReference section */
		2237365F16EE3F3900268B77 /* TimeAfterTime2 */ = {isa = PBXFileReference; explicitFileType = "compiled.mach-o.executable"; includeInIndex = 0; path = TimeAfterTime2; sourceTree = BUILT_PRODUCTS_DIR; };
		2237366216EE3F3900268B77 /* Foundation.framework */ = {isa = PBXFileReference; lastKnownFileType = wrapper.framework; name = Foundation.framework; path = System/Library/Frameworks/Foundation.framework; sourceTree = SDKROOT; };
		2237366516EE3F3900268B77 /* main.m */ = {isa = PBXFileReference; lastKnownFileType = sourcecode.c.objc; path = main.m; sourceTree = "<group>"; };
		2237366816EE3F3900268B77 /* TimeAfterTime2-Prefix.pch */ = {isa = PBXFileReference; lastKnownFileType = sourcecode.c.h; path = "TimeAfterTime2-Prefix.pch"; sourceTree = "<group>"; };
		2237366916EE3F3900268B77 /* TimeAfterTime2.1 */ = {isa = PBXFileReference; lastKnownFileType = text.man; path = TimeAfterTime2.1; sourceTree = "<group>"; };
/* End PBXFileReference section */

/* Begin PBXFrameworksBuildPhase section */
		2237365C16EE3F3900268B77 /* Frameworks */ = {
			isa = PBXFrameworksBuildPhase;
			buildActionMask = 2147483647;
			files = (
				2237366316EE3F3900268B77 /* Foundation.framework in Frameworks */,
			);
			runOnlyForDeploymentPostprocessing = 0;
		};
/* End PBXFrameworksBuildPhase section */

/* Begin PBXGroup section */
		2237365616EE3F3900268B77 = {
			isa = PBXGroup;
			children = (
				2237366416EE3F3900268B77 /* TimeAfterTime2 */,
				2237366116EE3F3900268B77 /* Frameworks */,
				2237366016EE3F3900268B77 /* Products */,
			);
			sourceTree = "<group>";
		};
		2237366016EE3F3900268B77 /* Products */ = {
			isa = PBXGroup;
			children = (
				2237365F16EE3F3900268B77 /* TimeAfterTime2 */,
			);
			name = Products;
			sourceTree = "<group>";
		};
		2237366116EE3F3900268B77 /* Frameworks */ = {
			isa = PBXGroup;
			children = (
				2237366216EE3F3900268B77 /* Foundation.framework */,
			);
			name = Frameworks;
			sourceTree = "<group>";
		};
		2237366416EE3F3900268B77 /* TimeAfterTime2 */ = {
			isa = PBXGroup;
			children = (
				2237366516EE3F3900268B77 /* main.m */,
				2237366916EE3F3900268B77 /* TimeAfterTime2.1 */,
				2237366716EE3F3900268B77 /* Supporting Files */,
			);
			path = TimeAfterTime2;
			sourceTree = "<group>";
		};
		2237366716EE3F3900268B77 /* Supporting Files */ = {
			isa = PBXGroup;
			children = (
				2237366816EE3F3900268B77 /* TimeAfterTime2-Prefix.pch */,
			);
			name = "Supporting Files";
			sourceTree = "<group>";
		};
/* End PBXGroup section */

/* Begin PBXNativeTarget section */
		2237365E16EE3F3900268B77 /* TimeAfterTime2 */ = {
			isa = PBXNativeTarget;
			buildConfigurationList = 2237366D16EE3F3900268B77 /* Build configuration list for PBXNativeTarget "TimeAfterTime2" */;
			buildPhases = (
				2237365B16EE3F3900268B77 /* Sources */,
				2237365C16EE3F3900268B77 /* Frameworks */,
				2237365D16EE3F3900268B77 /* CopyFiles */,
			);
			buildRules = (
			);
			dependencies = (
			);
			name = TimeAfterTime2;
			productName = TimeAfterTime2;
			productReference = 2237365F16EE3F3900268B77 /* TimeAfterTime2 */;
			productType = "com.apple.product-type.tool";
		};
/* End PBXNativeTarget section */

/* Begin PBXProject section */
		2237365716EE3F3900268B77 /* Project object */ = {
			isa = PBXProject;
			attributes = {
				LastUpgradeCheck = 0460;
				ORGANIZATIONNAME = "Tim Spear";
			};
			buildConfigurationList = 2237365A16EE3F3900268B77 /* Build configuration list for PBXProject "TimeAfterTime2" */;
			compatibilityVersion = "Xcode 3.2";
			developmentRegion = English;
			hasScannedForEncodings = 0;
			knownRegions = (
				en,
			);
			mainGroup = 2237365616EE3F3900268B77;
			productRefGroup = 2237366016EE3F3900268B77 /* Products */;
			projectDirPath = "";
			projectRoot = "";
			targets = (
				2237365E16EE3F3900268B77 /* TimeAfterTime2 */,
			);
		};
/* End PBXProject section */

/* Begin PBXSourcesBuildPhase section */
		2237365B16EE3F3900268B77 /* Sources */ = {
			isa = PBXSourcesBuildPhase;
			buildActionMask = 2147483647;
			files = (
				2237366616EE3F3900268B77 /* main.m in Sources */,
			);
			runOnlyForDeploymentPostprocessing = 0;
		};
/* End PBXSourcesBuildPhase section */

/* Begin XCBuildConfiguration section */
		2237366B16EE3F3900268B77 /* Debug */ = {
			isa = XCBuildConfiguration;
			buildSettings = {
				ALWAYS_SEARCH_USER_PATHS = NO;
				ARCHS = "$(ARCHS_STANDARD_64_BIT)";
				CLANG_CXX_LANGUAGE_STANDARD = "gnu++0x";
				CLANG_CXX_LIBRARY = "libc++";
				CLANG_ENABLE_OBJC_ARC = YES;
				CLANG_WARN_CONSTANT_CONVERSION = YES;
				CLANG_WARN_EMPTY_BODY = YES;
				CLANG_WARN_ENUM_CONVERSION = YES;
				CLANG_WARN_INT_CONVERSION = YES;
				CLANG_WARN__DUPLICATE_METHOD_MATCH = YES;
				COPY_PHASE_STRIP = NO;
				GCC_C_LANGUAGE_STANDARD = gnu99;
				GCC_DYNAMIC_NO_PIC = NO;
				GCC_ENABLE_OBJC_EXCEPTIONS = YES;
				GCC_OPTIMIZATION_LEVEL = 0;
				GCC_PREPROCESSOR_DEFINITIONS = (
					"DEBUG=1",
					"$(inherited)",
				);
				GCC_SYMBOLS_PRIVATE_EXTERN = NO;
				GCC_WARN_64_TO_32_BIT_CONVERSION = YES;
				GCC_WARN_ABOUT_RETURN_TYPE = YES;
				GCC_WARN_UNINITIALIZED_AUTOS = YES;
				GCC_WARN_UNUSED_VARIABLE = YES;
				MACOSX_DEPLOYMENT_TARGET = 10.8;
				ONLY_ACTIVE_ARCH = YES;
				SDKROOT = macosx;
			};
			name = Debug;
		};
		2237366C16EE3F3900268B77 /* Release */ = {
			isa = XCBuildConfiguration;
			buildSettings = {
				ALWAYS_SEARCH_USER_PATHS = NO;
				ARCHS = "$(ARCHS_STANDARD_64_BIT)";
				CLANG_CXX_LANGUAGE_STANDARD = "gnu++0x";
				CLANG_CXX_LIBRARY = "libc++";
				CLANG_ENABLE_OBJC_ARC = YES;
				CLANG_WARN_CONSTANT_CONVERSION = YES;
				CLANG_WARN_EMPTY_BODY = YES;
				CLANG_WARN_ENUM_CONVERSION = YES;
				CLANG_WARN_INT_CONVERSION = YES;
				CLANG_WARN__DUPLICATE_METHOD_MATCH = YES;
				COPY_PHASE_STRIP = YES;
				DEBUG_INFORMATION_FORMAT = "dwarf-with-dsym";
				GCC_C_LANGUAGE_STANDARD = gnu99;
				GCC_ENABLE_OBJC_EXCEPTIONS = YES;
				GCC_WARN_64_TO_32_BIT_CONVERSION = YES;
				GCC_WARN_ABOUT_RETURN_TYPE = YES;
				GCC_WARN_UNINITIALIZED_AUTOS = YES;
				GCC_WARN_UNUSED_VARIABLE = YES;
				MACOSX_DEPLOYMENT_TARGET = 10.8;
				SDKROOT = macosx;
			};
			name = Release;
		};
		2237366E16EE3F3900268B77 /* Debug */ = {
			isa = XCBuildConfiguration;
			buildSettings = {
				GCC_PRECOMPILE_PREFIX_HEADER = YES;
				GCC_PREFIX_HEADER = "TimeAfterTime2/TimeAfterTime2-Prefix.pch";
				PRODUCT_NAME = "$(TARGET_NAME)";
			};
			name = Debug;
		};
		2237366F16EE3F3900268B77 /* Release */ = {
			isa = XCBuildConfiguration;
			buildSettings = {
				GCC_PRECOMPILE_PREFIX_HEADER = YES;
				GCC_PREFIX_HEADER = "TimeAfterTime2/TimeAfterTime2-Prefix.pch";
				PRODUCT_NAME = "$(TARGET_NAME)";
			};
			name = Release;
		};
/* End XCBuildConfiguration section */

/* Begin XCConfigurationList section */
		2237365A16EE3F3900268B77 /* Build configuration list for PBXProject "TimeAfterTime2" */ = {
			isa = XCConfigurationList;
			buildConfigurations = (
				2237366B16EE3F3900268B77 /* Debug */,
				2237366C16EE3F3900268B77 /* Release */,
			);
			defaultConfigurationIsVisible = 0;
			defaultConfigurationName = Release;
		};
		2237366D16EE3F3900268B77 /* Build configuration list for PBXNativeTarget "TimeAfterTime2" */ = {
			isa = XCConfigurationList;
			buildConfigurations = (
				2237366E16EE3F3900268B77 /* Debug */,
				2237366F16EE3F3900268B77 /* Release */,
			);
			defaultConfigurationIsVisible = 0;
		};
/* End XCConfigurationList section */
	};
	rootObject = 2237365716EE3F3900268B77 /* Project object */;
}
